
Microsoft Visual Studio Solution File, Format Version 12.00
# Visual Studio Version 17
VisualStudioVersion = 17.11.35312.102
MinimumVisualStudioVersion = 10.0.40219.1
Project("{FAE04EC0-301F-11D3-BF4B-00C04F79EFBC}") = "CalculadoraApp", "CalculadoraApp.csproj", "{364D74E7-4885-43D0-8C42-0822DD2B50BE}"
EndProject
Project("{FAE04EC0-301F-11D3-BF4B-00C04F79EFBC}") = "Testes", "..\Testes\Testes.csproj", "{89306115-BD90-4C09-97AF-A4F84BBC2189}"
EndProject
Global
	GlobalSection(SolutionConfigurationPlatforms) = preSolution
		Debug|Any CPU = Debug|Any CPU
		Release|Any CPU = Release|Any CPU
	EndGlobalSection
	GlobalSection(ProjectConfigurationPlatforms) = postSolution
		{364D74E7-4885-43D0-8C42-0822DD2B50BE}.Debug|Any CPU.ActiveCfg = Debug|Any CPU
		{364D74E7-4885-43D0-8C42-0822DD2B50BE}.Debug|Any CPU.Build.0 = Debug|Any CPU
		{364D74E7-4885-43D0-8C42-0822DD2B50BE}.Release|Any CPU.ActiveCfg = Release|Any CPU
		{364D74E7-4885-43D0-8C42-0822DD2B50BE}.Release|Any CPU.Build.0 = Release|Any CPU
		{89306115-BD90-4C09-97AF-A4F84BBC2189}.Debug|Any CPU.ActiveCfg = Debug|Any CPU
		{89306115-BD90-4C09-97AF-A4F84BBC2189}.Debug|Any CPU.Build.0 = Debug|Any CPU
		{89306115-BD90-4C09-97AF-A4F84BBC2189}.Release|Any CPU.ActiveCfg = Release|Any CPU
		{89306115-BD90-4C09-97AF-A4F84BBC2189}.Release|Any CPU.Build.0 = Release|Any CPU
	EndGlobalSection
	GlobalSection(SolutionProperties) = preSolution
		HideSolutionNode = FALSE
	EndGlobalSection
	GlobalSection(ExtensibilityGlobals) = postSolution
		SolutionGuid = {F705D261-7654-41B2-B738-A15D528B1A90}
	EndGlobalSection
EndGlobal
